{
  "lockfile_version": "1",
  "packages": {
    "bacon": {
      "resolved": "github:NixOS/nixpkgs/02032da4af073d0f6110540c8677f16d4be0117f?narHash=sha256-SvtvVKHaUX4Owb%2BPasySwZsoc5VUeTf1px34BByiOxw%3D#bacon",
      "source": "nixpkg",
      "systems": {
        "x86_64-linux": {
          "outputs": [
            {
              "path": "/nix/store/pmrs8p117yhb8xha1r4w886a12bvjcw6-bacon-3.11.0",
              "default": true
            }
          ]
        }
      }
    },
    "github:NixOS/nixpkgs/nixpkgs-unstable": {
      "resolved": "github:NixOS/nixpkgs/dd613136ee91f67e5dba3f3f41ac99ae89c5406b?lastModified=1742707865&narHash=sha256-RVQQZy38O3Zb8yoRJhuFgWo%2FiDIDj0hEdRTVfhOtzRk%3D"
    },
    "pkg-config": {
      "resolved": "github:NixOS/nixpkgs/dd613136ee91f67e5dba3f3f41ac99ae89c5406b?narHash=sha256-RVQQZy38O3Zb8yoRJhuFgWo%2FiDIDj0hEdRTVfhOtzRk%3D#pkg-config",
      "source": "nixpkg"
    },
    "sqlite": {
      "resolved": "github:NixOS/nixpkgs/dd613136ee91f67e5dba3f3f41ac99ae89c5406b?narHash=sha256-RVQQZy38O3Zb8yoRJhuFgWo%2FiDIDj0hEdRTVfhOtzRk%3D#sqlite",
      "source": "nixpkg"
    }
  }
}
